// !$*UTF8*$!
{
	archiveVersion = 1;
	classes = {
	};
	objectVersion = 46;
	objects = {

/* Begin PBXBuildFile section */
		3B71774F1E493CB8000335FC /* DetailViewController.swift in Sources */ = {isa = PBXBuildFile; fileRef = 3B71774E1E493CB8000335FC /* DetailViewController.swift */; };
		3BF6B64A1E47E48E006BDF42 /* List.png in Resources */ = {isa = PBXBuildFile; fileRef = 3BF6B6491E47E48E006BDF42 /* List.png */; };
		3BF6B64D1E47E5C6006BDF42 /* Collection.jpg in Resources */ = {isa = PBXBuildFile; fileRef = 3BF6B64C1E47E5C6006BDF42 /* Collection.jpg */; };
		3BF88E1C1E3FDE0A001E37B8 /* AppDelegate.swift in Sources */ = {isa = PBXBuildFile; fileRef = 3BF88E1B1E3FDE0A001E37B8 /* AppDelegate.swift */; };
		3BF88E211E3FDE0A001E37B8 /* Main.storyboard in Resources */ = {isa = PBXBuildFile; fileRef = 3BF88E1F1E3FDE0A001E37B8 /* Main.storyboard */; };
		3BF88E231E3FDE0A001E37B8 /* Assets.xcassets in Resources */ = {isa = PBXBuildFile; fileRef = 3BF88E221E3FDE0A001E37B8 /* Assets.xcassets */; };
		3BF88E261E3FDE0A001E37B8 /* LaunchScreen.storyboard in Resources */ = {isa = PBXBuildFile; fileRef = 3BF88E241E3FDE0A001E37B8 /* LaunchScreen.storyboard */; };
		3BF88E2E1E3FDEB0001E37B8 /* MoviesViewController.swift in Sources */ = {isa = PBXBuildFile; fileRef = 3BF88E2D1E3FDEB0001E37B8 /* MoviesViewController.swift */; };
		3BF88E311E3FE6FA001E37B8 /* MovieCell.swift in Sources */ = {isa = PBXBuildFile; fileRef = 3BF88E301E3FE6FA001E37B8 /* MovieCell.swift */; };
		561753A5AB093233979EF7F6 /* Pods_MovieViewer.framework in Frameworks */ = {isa = PBXBuildFile; fileRef = 52144C130A5DCEC6AA139AC4 /* Pods_MovieViewer.framework */; };
/* End PBXBuildFile section */

/* Begin PBXFileReference section */
		3B71774E1E493CB8000335FC /* DetailViewController.swift */ = {isa = PBXFileReference; fileEncoding = 4; lastKnownFileType = sourcecode.swift; path = DetailViewController.swift; sourceTree = "<group>"; };
		3BF6B6491E47E48E006BDF42 /* List.png */ = {isa = PBXFileReference; lastKnownFileType = image.png; path = List.png; sourceTree = "<group>"; };
		3BF6B64C1E47E5C6006BDF42 /* Collection.jpg */ = {isa = PBXFileReference; lastKnownFileType = image.jpeg; path = Collection.jpg; sourceTree = "<group>"; };
		3BF88E181E3FDE0A001E37B8 /* MovieViewer.app */ = {isa = PBXFileReference; explicitFileType = wrapper.application; includeInIndex = 0; path = MovieViewer.app; sourceTree = BUILT_PRODUCTS_DIR; };
		3BF88E1B1E3FDE0A001E37B8 /* AppDelegate.swift */ = {isa = PBXFileReference; lastKnownFileType = sourcecode.swift; path = AppDelegate.swift; sourceTree = "<group>"; };
		3BF88E201E3FDE0A001E37B8 /* Base */ = {isa = PBXFileReference; lastKnownFileType = file.storyboard; name = Base; path = Base.lproj/Main.storyboard; sourceTree = "<group>"; };
		3BF88E221E3FDE0A001E37B8 /* Assets.xcassets */ = {isa = PBXFileReference; lastKnownFileType = folder.assetcatalog; path = Assets.xcassets; sourceTree = "<group>"; };
		3BF88E251E3FDE0A001E37B8 /* Base */ = {isa = PBXFileReference; lastKnownFileType = file.storyboard; name = Base; path = Base.lproj/LaunchScreen.storyboard; sourceTree = "<group>"; };
		3BF88E271E3FDE0A001E37B8 /* Info.plist */ = {isa = PBXFileReference; lastKnownFileType = text.plist.xml; path = Info.plist; sourceTree = "<group>"; };
		3BF88E2D1E3FDEB0001E37B8 /* MoviesViewController.swift */ = {isa = PBXFileReference; fileEncoding = 4; lastKnownFileType = sourcecode.swift; path = MoviesViewController.swift; sourceTree = "<group>"; };
		3BF88E301E3FE6FA001E37B8 /* MovieCell.swift */ = {isa = PBXFileReference; fileEncoding = 4; lastKnownFileType = sourcecode.swift; path = MovieCell.swift; sourceTree = "<group>"; };
		52144C130A5DCEC6AA139AC4 /* Pods_MovieViewer.framework */ = {isa = PBXFileReference; explicitFileType = wrapper.framework; includeInIndex = 0; path = Pods_MovieViewer.framework; sourceTree = BUILT_PRODUCTS_DIR; };
		71C2DCCE537069319B409577 /* Pods-MovieViewer.release.xcconfig */ = {isa = PBXFileReference; includeInIndex = 1; lastKnownFileType = text.xcconfig; name = "Pods-MovieViewer.release.xcconfig"; path = "Pods/Target Support Files/Pods-MovieViewer/Pods-MovieViewer.release.xcconfig"; sourceTree = "<group>"; };
		9EBD01E3EEF10F18BA54756B /* Pods-MovieViewer.debug.xcconfig */ = {isa = PBXFileReference; includeInIndex = 1; lastKnownFileType = text.xcconfig; name = "Pods-MovieViewer.debug.xcconfig"; path = "Pods/Target Support Files/Pods-MovieViewer/Pods-MovieViewer.debug.xcconfig"; sourceTree = "<group>"; };
/* End PBXFileReference section */

/* Begin PBXFrameworksBuildPhase section */
		3BF88E151E3FDE0A001E37B8 /* Frameworks */ = {
			isa = PBXFrameworksBuildPhase;
			buildActionMask = 2147483647;
			files = (
				561753A5AB093233979EF7F6 /* Pods_MovieViewer.framework in Frameworks */,
			);
			runOnlyForDeploymentPostprocessing = 0;
		};
/* End PBXFrameworksBuildPhase section */

/* Begin PBXGroup section */
		3BF6B64B1E47E4A2006BDF42 /* Images */ = {
			isa = PBXGroup;
			children = (
				3BF6B64C1E47E5C6006BDF42 /* Collection.jpg */,
				3BF6B6491E47E48E006BDF42 /* List.png */,
			);
			name = Images;
			sourceTree = "<group>";
		};
		3BF88E0F1E3FDE0A001E37B8 = {
			isa = PBXGroup;
			children = (
				3BF6B64B1E47E4A2006BDF42 /* Images */,
				3BF88E1A1E3FDE0A001E37B8 /* MovieViewer */,
				3BF88E191E3FDE0A001E37B8 /* Products */,
				C1D51439E5F88C3D8CFE2872 /* Pods */,
				D0A3FCA054F0490608630079 /* Frameworks */,
			);
			sourceTree = "<group>";
		};
		3BF88E191E3FDE0A001E37B8 /* Products */ = {
			isa = PBXGroup;
			children = (
				3BF88E181E3FDE0A001E37B8 /* MovieViewer.app */,
			);
			name = Products;
			sourceTree = "<group>";
		};
		3BF88E1A1E3FDE0A001E37B8 /* MovieViewer */ = {
			isa = PBXGroup;
			children = (
				3BF88E321E3FE70D001E37B8 /* ViewControllers */,
				3BF88E2F1E3FE6A2001E37B8 /* Views */,
				3BF88E1B1E3FDE0A001E37B8 /* AppDelegate.swift */,
				3BF88E1F1E3FDE0A001E37B8 /* Main.storyboard */,
				3BF88E221E3FDE0A001E37B8 /* Assets.xcassets */,
				3BF88E241E3FDE0A001E37B8 /* LaunchScreen.storyboard */,
				3BF88E271E3FDE0A001E37B8 /* Info.plist */,
			);
			path = MovieViewer;
			sourceTree = "<group>";
		};
		3BF88E2F1E3FE6A2001E37B8 /* Views */ = {
			isa = PBXGroup;
			children = (
				3BF88E301E3FE6FA001E37B8 /* MovieCell.swift */,
			);
			name = Views;
			sourceTree = "<group>";
		};
		3BF88E321E3FE70D001E37B8 /* ViewControllers */ = {
			isa = PBXGroup;
			children = (
				3BF88E2D1E3FDEB0001E37B8 /* MoviesViewController.swift */,
				3B71774E1E493CB8000335FC /* DetailViewController.swift */,
			);
			name = ViewControllers;
			sourceTree = "<group>";
		};
		C1D51439E5F88C3D8CFE2872 /* Pods */ = {
			isa = PBXGroup;
			children = (
				9EBD01E3EEF10F18BA54756B /* Pods-MovieViewer.debug.xcconfig */,
				71C2DCCE537069319B409577 /* Pods-MovieViewer.release.xcconfig */,
			);
			name = Pods;
			sourceTree = "<group>";
		};
		D0A3FCA054F0490608630079 /* Frameworks */ = {
			isa = PBXGroup;
			children = (
				52144C130A5DCEC6AA139AC4 /* Pods_MovieViewer.framework */,
			);
			name = Frameworks;
			sourceTree = "<group>";
		};
/* End PBXGroup section */

/* Begin PBXNativeTarget section */
		3BF88E171E3FDE0A001E37B8 /* MovieViewer */ = {
			isa = PBXNativeTarget;
			buildConfigurationList = 3BF88E2A1E3FDE0A001E37B8 /* Build configuration list for PBXNativeTarget "MovieViewer" */;
			buildPhases = (
				FE4BF44E61C0258688DAC0DD /* [CP] Check Pods Manifest.lock */,
				3BF88E141E3FDE0A001E37B8 /* Sources */,
				3BF88E151E3FDE0A001E37B8 /* Frameworks */,
				3BF88E161E3FDE0A001E37B8 /* Resources */,
				557B8AAC090EA8A282041F55 /* [CP] Embed Pods Frameworks */,
				FA50925D060CFE72D34BB424 /* [CP] Copy Pods Resources */,
			);
			buildRules = (
			);
			dependencies = (
			);
			name = MovieViewer;
			productName = MovieViewer;
			productReference = 3BF88E181E3FDE0A001E37B8 /* MovieViewer.app */;
			productType = "com.apple.product-type.application";
		};
/* End PBXNativeTarget section */

/* Begin PBXProject section */
		3BF88E101E3FDE0A001E37B8 /* Project object */ = {
			isa = PBXProject;
			attributes = {
				LastSwiftUpdateCheck = 0820;
				LastUpgradeCheck = 0820;
				ORGANIZATIONNAME = "Benjamin Singer";
				TargetAttributes = {
					3BF88E171E3FDE0A001E37B8 = {
						CreatedOnToolsVersion = 8.2.1;
						DevelopmentTeam = KH4R8G85HG;
						ProvisioningStyle = Automatic;
					};
				};
			};
			buildConfigurationList = 3BF88E131E3FDE0A001E37B8 /* Build configuration list for PBXProject "MovieViewer" */;
			compatibilityVersion = "Xcode 3.2";
			developmentRegion = English;
			hasScannedForEncodings = 0;
			knownRegions = (
				en,
				Base,
			);
			mainGroup = 3BF88E0F1E3FDE0A001E37B8;
			productRefGroup = 3BF88E191E3FDE0A001E37B8 /* Products */;
			projectDirPath = "";
			projectRoot = "";
			targets = (
				3BF88E171E3FDE0A001E37B8 /* MovieViewer */,
			);
		};
/* End PBXProject section */

/* Begin PBXResourcesBuildPhase section */
		3BF88E161E3FDE0A001E37B8 /* Resources */ = {
			isa = PBXResourcesBuildPhase;
			buildActionMask = 2147483647;
			files = (
				3BF6B64D1E47E5C6006BDF42 /* Collection.jpg in Resources */,
				3BF88E261E3FDE0A001E37B8 /* LaunchScreen.storyboard in Resources */,
				3BF6B64A1E47E48E006BDF42 /* List.png in Resources */,
				3BF88E231E3FDE0A001E37B8 /* Assets.xcassets in Resources */,
				3BF88E211E3FDE0A001E37B8 /* Main.storyboard in Resources */,
			);
			runOnlyForDeploymentPostprocessing = 0;
		};
/* End PBXResourcesBuildPhase section */

/* Begin PBXShellScriptBuildPhase section */
		557B8AAC090EA8A282041F55 /* [CP] Embed Pods Frameworks */ = {
			isa = PBXShellScriptBuildPhase;
			buildActionMask = 2147483647;
			files = (
			);
			inputPaths = (
			);
			name = "[CP] Embed Pods Frameworks";
			outputPaths = (
			);
			runOnlyForDeploymentPostprocessing = 0;
			shellPath = /bin/sh;
			shellScript = "\"${SRCROOT}/Pods/Target Support Files/Pods-MovieViewer/Pods-MovieViewer-frameworks.sh\"\n";
			showEnvVarsInLog = 0;
		};
		FA50925D060CFE72D34BB424 /* [CP] Copy Pods Resources */ = {
			isa = PBXShellScriptBuildPhase;
			buildActionMask = 2147483647;
			files = (
			);
			inputPaths = (
			);
			name = "[CP] Copy Pods Resources";
			outputPaths = (
			);
			runOnlyForDeploymentPostprocessing = 0;
			shellPath = /bin/sh;
			shellScript = "\"${SRCROOT}/Pods/Target Support Files/Pods-MovieViewer/Pods-MovieViewer-resources.sh\"\n";
			showEnvVarsInLog = 0;
		};
		FE4BF44E61C0258688DAC0DD /* [CP] Check Pods Manifest.lock */ = {
			isa = PBXShellScriptBuildPhase;
			buildActionMask = 2147483647;
			files = (
			);
			inputPaths = (
			);
			name = "[CP] Check Pods Manifest.lock";
			outputPaths = (
			);
			runOnlyForDeploymentPostprocessing = 0;
			shellPath = /bin/sh;
			shellScript = "diff \"${PODS_ROOT}/../Podfile.lock\" \"${PODS_ROOT}/Manifest.lock\" > /dev/null\nif [ $? != 0 ] ; then\n    # print error to STDERR\n    echo \"error: The sandbox is not in sync with the Podfile.lock. Run 'pod install' or update your CocoaPods installation.\" >&2\n    exit 1\nfi\n";
			showEnvVarsInLog = 0;
		};
/* End PBXShellScriptBuildPhase section */

/* Begin PBXSourcesBuildPhase section */
		3BF88E141E3FDE0A001E37B8 /* Sources */ = {
			isa = PBXSourcesBuildPhase;
			buildActionMask = 2147483647;
			files = (
				3BF88E1C1E3FDE0A001E37B8 /* AppDelegate.swift in Sources */,
				3BF88E2E1E3FDEB0001E37B8 /* MoviesViewController.swift in Sources */,
				3BF88E311E3FE6FA001E37B8 /* MovieCell.swift in Sources */,
				3B71774F1E493CB8000335FC /* DetailViewController.swift in Sources */,
			);
			runOnlyForDeploymentPostprocessing = 0;
		};
/* End PBXSourcesBuildPhase section */

/* Begin PBXVariantGroup section */
		3BF88E1F1E3FDE0A001E37B8 /* Main.storyboard */ = {
			isa = PBXVariantGroup;
			children = (
				3BF88E201E3FDE0A001E37B8 /* Base */,
			);
			name = Main.storyboard;
			sourceTree = "<group>";
		};
		3BF88E241E3FDE0A001E37B8 /* LaunchScreen.storyboard */ = {
			isa = PBXVariantGroup;
			children = (
				3BF88E251E3FDE0A001E37B8 /* Base */,
			);
			name = LaunchScreen.storyboard;
			sourceTree = "<group>";
		};
/* End PBXVariantGroup section */

/* Begin XCBuildConfiguration section */
		3BF88E281E3FDE0A001E37B8 /* Debug */ = {
			isa = XCBuildConfiguration;
			buildSettings = {
				ALWAYS_SEARCH_USER_PATHS = NO;
				CLANG_ANALYZER_NONNULL = YES;
				CLANG_CXX_LANGUAGE_STANDARD = "gnu++0x";
				CLANG_CXX_LIBRARY = "libc++";
				CLANG_ENABLE_MODULES = YES;
				CLANG_ENABLE_OBJC_ARC = YES;
				CLANG_WARN_BOOL_CONVERSION = YES;
				CLANG_WARN_CONSTANT_CONVERSION = YES;
				CLANG_WARN_DIRECT_OBJC_ISA_USAGE = YES_ERROR;
				CLANG_WARN_DOCUMENTATION_COMMENTS = YES;
				CLANG_WARN_EMPTY_BODY = YES;
				CLANG_WARN_ENUM_CONVERSION = YES;
				CLANG_WARN_INFINITE_RECURSION = YES;
				CLANG_WARN_INT_CONVERSION = YES;
				CLANG_WARN_OBJC_ROOT_CLASS = YES_ERROR;
				CLANG_WARN_SUSPICIOUS_MOVE = YES;
				CLANG_WARN_UNREACHABLE_CODE = YES;
				CLANG_WARN__DUPLICATE_METHOD_MATCH = YES;
				"CODE_SIGN_IDENTITY[sdk=iphoneos*]" = "iPhone Developer";
				COPY_PHASE_STRIP = NO;
				DEBUG_INFORMATION_FORMAT = dwarf;
				ENABLE_STRICT_OBJC_MSGSEND = YES;
				ENABLE_TESTABILITY = YES;
				GCC_C_LANGUAGE_STANDARD = gnu99;
				GCC_DYNAMIC_NO_PIC = NO;
				GCC_NO_COMMON_BLOCKS = YES;
				GCC_OPTIMIZATION_LEVEL = 0;
				GCC_PREPROCESSOR_DEFINITIONS = (
					"DEBUG=1",
					"$(inherited)",
				);
				GCC_WARN_64_TO_32_BIT_CONVERSION = YES;
				GCC_WARN_ABOUT_RETURN_TYPE = YES_ERROR;
				GCC_WARN_UNDECLARED_SELECTOR = YES;
				GCC_WARN_UNINITIALIZED_AUTOS = YES_AGGRESSIVE;
				GCC_WARN_UNUSED_FUNCTION = YES;
				GCC_WARN_UNUSED_VARIABLE = YES;
				IPHONEOS_DEPLOYMENT_TARGET = 10.2;
				MTL_ENABLE_DEBUG_INFO = YES;
				ONLY_ACTIVE_ARCH = YES;
				SDKROOT = iphoneos;
				SWIFT_ACTIVE_COMPILATION_CONDITIONS = DEBUG;
				SWIFT_OPTIMIZATION_LEVEL = "-Onone";
				TARGETED_DEVICE_FAMILY = "1,2";
			};
			name = Debug;
		};
		3BF88E291E3FDE0A001E37B8 /* Release */ = {
			isa = XCBuildConfiguration;
			buildSettings = {
				ALWAYS_SEARCH_USER_PATHS = NO;
				CLANG_ANALYZER_NONNULL = YES;
				CLANG_CXX_LANGUAGE_STANDARD = "gnu++0x";
				CLANG_CXX_LIBRARY = "libc++";
				CLANG_ENABLE_MODULES = YES;
				CLANG_ENABLE_OBJC_ARC = YES;
				CLANG_WARN_BOOL_CONVERSION = YES;
				CLANG_WARN_CONSTANT_CONVERSION = YES;
				CLANG_WARN_DIRECT_OBJC_ISA_USAGE = YES_ERROR;
				CLANG_WARN_DOCUMENTATION_COMMENTS = YES;
				CLANG_WARN_EMPTY_BODY = YES;
				CLANG_WARN_ENUM_CONVERSION = YES;
				CLANG_WARN_INFINITE_RECURSION = YES;
				CLANG_WARN_INT_CONVERSION = YES;
				CLANG_WARN_OBJC_ROOT_CLASS = YES_ERROR;
				CLANG_WARN_SUSPICIOUS_MOVE = YES;
				CLANG_WARN_UNREACHABLE_CODE = YES;
				CLANG_WARN__DUPLICATE_METHOD_MATCH = YES;
				"CODE_SIGN_IDENTITY[sdk=iphoneos*]" = "iPhone Developer";
				COPY_PHASE_STRIP = NO;
				DEBUG_INFORMATION_FORMAT = "dwarf-with-dsym";
				ENABLE_NS_ASSERTIONS = NO;
				ENABLE_STRICT_OBJC_MSGSEND = YES;
				GCC_C_LANGUAGE_STANDARD = gnu99;
				GCC_NO_COMMON_BLOCKS = YES;
				GCC_WARN_64_TO_32_BIT_CONVERSION = YES;
				GCC_WARN_ABOUT_RETURN_TYPE = YES_ERROR;
				GCC_WARN_UNDECLARED_SELECTOR = YES;
				GCC_WARN_UNINITIALIZED_AUTOS = YES_AGGRESSIVE;
				GCC_WARN_UNUSED_FUNCTION = YES;
				GCC_WARN_UNUSED_VARIABLE = YES;
				IPHONEOS_DEPLOYMENT_TARGET = 10.2;
				MTL_ENABLE_DEBUG_INFO = NO;
				SDKROOT = iphoneos;
				SWIFT_OPTIMIZATION_LEVEL = "-Owholemodule";
				TARGETED_DEVICE_FAMILY = "1,2";
				VALIDATE_PRODUCT = YES;
			};
			name = Release;
		};
		3BF88E2B1E3FDE0A001E37B8 /* Debug */ = {
			isa = XCBuildConfiguration;
			baseConfigurationReference = 9EBD01E3EEF10F18BA54756B /* Pods-MovieViewer.debug.xcconfig */;
			buildSettings = {
				ASSETCATALOG_COMPILER_APPICON_NAME = AppIcon;
				"CODE_SIGN_IDENTITY[sdk=iphoneos*]" = "iPhone Developer";
				DEVELOPMENT_TEAM = KH4R8G85HG;
				INFOPLIST_FILE = MovieViewer/Info.plist;
				LD_RUNPATH_SEARCH_PATHS = "$(inherited) @executable_path/Frameworks";
				PRODUCT_BUNDLE_IDENTIFIER = "Benjamin-Singer.MovieViewer";
				PRODUCT_NAME = "$(TARGET_NAME)";
				SWIFT_VERSION = 3.0;
			};
			name = Debug;
		};
		3BF88E2C1E3FDE0A001E37B8 /* Release */ = {
			isa = XCBuildConfiguration;
			baseConfigurationReference = 71C2DCCE537069319B409577 /* Pods-MovieViewer.release.xcconfig */;
			buildSettings = {
				ASSETCATALOG_COMPILER_APPICON_NAME = AppIcon;
				"CODE_SIGN_IDENTITY[sdk=iphoneos*]" = "iPhone Developer";
				DEVELOPMENT_TEAM = KH4R8G85HG;
				INFOPLIST_FILE = MovieViewer/Info.plist;
				LD_RUNPATH_SEARCH_PATHS = "$(inherited) @executable_path/Frameworks";
				PRODUCT_BUNDLE_IDENTIFIER = "Benjamin-Singer.MovieViewer";
				PRODUCT_NAME = "$(TARGET_NAME)";
				SWIFT_VERSION = 3.0;
			};
			name = Release;
		};
/* End XCBuildConfiguration section */

/* Begin XCConfigurationList section */
		3BF88E131E3FDE0A001E37B8 /* Build configuration list for PBXProject "MovieViewer" */ = {
			isa = XCConfigurationList;
			buildConfigurations = (
				3BF88E281E3FDE0A001E37B8 /* Debug */,
				3BF88E291E3FDE0A001E37B8 /* Release */,
			);
			defaultConfigurationIsVisible = 0;
			defaultConfigurationName = Release;
		};
		3BF88E2A1E3FDE0A001E37B8 /* Build configuration list for PBXNativeTarget "MovieViewer" */ = {
			isa = XCConfigurationList;
			buildConfigurations = (
				3BF88E2B1E3FDE0A001E37B8 /* Debug */,
				3BF88E2C1E3FDE0A001E37B8 /* Release */,
			);
			defaultConfigurationIsVisible = 0;
			defaultConfigurationName = Release;
		};
/* End XCConfigurationList section */
	};
	rootObject = 3BF88E101E3FDE0A001E37B8 /* Project object */;
}
